
Microsoft Visual Studio Solution File, Format Version 12.00
# Visual Studio Version 16
VisualStudioVersion = 16.0.29020.237
MinimumVisualStudioVersion = 10.0.40219.1
Project("{9A19103F-16F7-4668-BE54-9A1E7A4F7556}") = "CodeCakeBuilder", "CodeCakeBuilder\CodeCakeBuilder.csproj", "{964DDC6C-AE93-456A-B150-806DEB8E7FF4}"
EndProject
Project("{2150E333-8FDC-42A3-9474-1A3956D46DE8}") = "Tests", "Tests", "{F8F1B95B-411B-4E51-9551-D95E73FC4CB1}"
	ProjectSection(SolutionItems) = preProject
	EndProjectSection
EndProject
Project("{2150E333-8FDC-42A3-9474-1A3956D46DE8}") = "Solution Items", "Solution Items", "{B87131AA-AE4D-4934-8F24-4891977E9DC9}"
	ProjectSection(SolutionItems) = preProject
		.gitignore = .gitignore
		appveyor.yml = appveyor.yml
		LICENSE = LICENSE
		README.md = README.md
		RepositoryInfo.xml = RepositoryInfo.xml
		Common\SharedKey.snk = Common\SharedKey.snk
		Directory.Build.props = Directory.Build.props
		NuGet.config = NuGet.config
	EndProjectSection
EndProject
Project("{9A19103F-16F7-4668-BE54-9A1E7A4F7556}") = "CK.Globbing", "CK.Globbing\CK.Globbing.csproj", "{62EF611F-906F-4ED1-A3CA-EE094CE04330}"
EndProject
Project("{9A19103F-16F7-4668-BE54-9A1E7A4F7556}") = "Cake.CK.Pack", "Cake.CK.Pack\Cake.CK.Pack.csproj", "{A2033446-28DD-4F09-BA13-659734136885}"
EndProject
Project("{9A19103F-16F7-4668-BE54-9A1E7A4F7556}") = "CK.Globbing.Tests", "Tests\CK.Globbing.Tests\CK.Globbing.Tests.csproj", "{DD41CA4F-C8F6-443F-B700-3531F126DD59}"
EndProject
Project("{9A19103F-16F7-4668-BE54-9A1E7A4F7556}") = "Cake.CK.Pack.Tests", "Tests\Cake.CK.Pack.Tests\Cake.CK.Pack.Tests.csproj", "{F0F8A721-FE72-4572-97AB-5F69A414EC47}"
EndProject
Global
	GlobalSection(SolutionConfigurationPlatforms) = preSolution
		Debug|Any CPU = Debug|Any CPU
		Release|Any CPU = Release|Any CPU
	EndGlobalSection
	GlobalSection(ProjectConfigurationPlatforms) = postSolution
		{964DDC6C-AE93-456A-B150-806DEB8E7FF4}.Debug|Any CPU.ActiveCfg = Debug|Any CPU
		{964DDC6C-AE93-456A-B150-806DEB8E7FF4}.Debug|Any CPU.Build.0 = Debug|Any CPU
		{964DDC6C-AE93-456A-B150-806DEB8E7FF4}.Release|Any CPU.ActiveCfg = Release|Any CPU
		{964DDC6C-AE93-456A-B150-806DEB8E7FF4}.Release|Any CPU.Build.0 = Release|Any CPU
		{62EF611F-906F-4ED1-A3CA-EE094CE04330}.Debug|Any CPU.ActiveCfg = Debug|Any CPU
		{62EF611F-906F-4ED1-A3CA-EE094CE04330}.Debug|Any CPU.Build.0 = Debug|Any CPU
		{62EF611F-906F-4ED1-A3CA-EE094CE04330}.Release|Any CPU.ActiveCfg = Release|Any CPU
		{62EF611F-906F-4ED1-A3CA-EE094CE04330}.Release|Any CPU.Build.0 = Release|Any CPU
		{A2033446-28DD-4F09-BA13-659734136885}.Debug|Any CPU.ActiveCfg = Debug|Any CPU
		{A2033446-28DD-4F09-BA13-659734136885}.Debug|Any CPU.Build.0 = Debug|Any CPU
		{A2033446-28DD-4F09-BA13-659734136885}.Release|Any CPU.ActiveCfg = Release|Any CPU
		{A2033446-28DD-4F09-BA13-659734136885}.Release|Any CPU.Build.0 = Release|Any CPU
		{DD41CA4F-C8F6-443F-B700-3531F126DD59}.Debug|Any CPU.ActiveCfg = Debug|Any CPU
		{DD41CA4F-C8F6-443F-B700-3531F126DD59}.Debug|Any CPU.Build.0 = Debug|Any CPU
		{DD41CA4F-C8F6-443F-B700-3531F126DD59}.Release|Any CPU.ActiveCfg = Release|Any CPU
		{DD41CA4F-C8F6-443F-B700-3531F126DD59}.Release|Any CPU.Build.0 = Release|Any CPU
		{F0F8A721-FE72-4572-97AB-5F69A414EC47}.Debug|Any CPU.ActiveCfg = Debug|Any CPU
		{F0F8A721-FE72-4572-97AB-5F69A414EC47}.Debug|Any CPU.Build.0 = Debug|Any CPU
		{F0F8A721-FE72-4572-97AB-5F69A414EC47}.Release|Any CPU.ActiveCfg = Release|Any CPU
		{F0F8A721-FE72-4572-97AB-5F69A414EC47}.Release|Any CPU.Build.0 = Release|Any CPU
	EndGlobalSection
	GlobalSection(SolutionProperties) = preSolution
		HideSolutionNode = FALSE
	EndGlobalSection
	GlobalSection(NestedProjects) = preSolution
		{DD41CA4F-C8F6-443F-B700-3531F126DD59} = {F8F1B95B-411B-4E51-9551-D95E73FC4CB1}
		{F0F8A721-FE72-4572-97AB-5F69A414EC47} = {F8F1B95B-411B-4E51-9551-D95E73FC4CB1}
	EndGlobalSection
	GlobalSection(ExtensibilityGlobals) = postSolution
		SolutionGuid = {7515C66D-DFFA-437B-B2B6-0609A0B44F54}
	EndGlobalSection
EndGlobal
